// !$*UTF8*$!
{
	archiveVersion = 1;
	classes = {
	};
	objectVersion = 77;
	objects = {

/* Begin PBXBuildFile section */
		2BFE113B2FA79B880038EAA9 /* .swiftformat in Resources */ = {isa = PBXBuildFile; fileRef = 2BFE113A2FA79B880038EAA9 /* .swiftformat */; };
/* End PBXBuildFile section */

/* Begin PBXContainerItemProxy section */
		2B64864E2F98AD500035CE44 /* PBXContainerItemProxy */ = {
			isa = PBXContainerItemProxy;
			containerPortal = 2B6486342F98AD4F0035CE44 /* Project object */;
			proxyType = 1;
			remoteGlobalIDString = 2B64863B2F98AD4F0035CE44;
			remoteInfo = TrainMate;
		};
		2B6486582F98AD500035CE44 /* PBXContainerItemProxy */ = {
			isa = PBXContainerItemProxy;
			containerPortal = 2B6486342F98AD4F0035CE44 /* Project object */;
			proxyType = 1;
			remoteGlobalIDString = 2B64863B2F98AD4F0035CE44;
			remoteInfo = TrainMate;
		};
/* End PBXContainerItemProxy section */

/* Begin PBXFileReference section */
		2B64863C2F98AD4F0035CE44 /* TrainMate.app */ = {isa = PBXFileReference; explicitFileType = wrapper.application; includeInIndex = 0; path = TrainMate.app; sourceTree = BUILT_PRODUCTS_DIR; };
		2B64864D2F98AD500035CE44 /* TrainMateTests.xctest */ = {isa = PBXFileReference; explicitFileType = wrapper.cfbundle; includeInIndex = 0; path = TrainMateTests.xctest; sourceTree = BUILT_PRODUCTS_DIR; };
		2B6486572F98AD500035CE44 /* TrainMateUITests.xctest */ = {isa = PBXFileReference; explicitFileType = wrapper.cfbundle; includeInIndex = 0; path = TrainMateUITests.xctest; sourceTree = BUILT_PRODUCTS_DIR; };
		2BFE11042FA6225D0038EAA9 /* .swiftlint.yml */ = {isa = PBXFileReference; lastKnownFileType = text.yaml; path = .swiftlint.yml; sourceTree = "<group>"; };
		2BFE11262FA626250038EAA9 /* Makefile */ = {isa = PBXFileReference; lastKnownFileType = sourcecode.make; path = Makefile; sourceTree = "<group>"; };
		2BFE11342FA649540038EAA9 /* README.md */ = {isa = PBXFileReference; lastKnownFileType = net.daringfireball.markdown; path = README.md; sourceTree = "<group>"; };
		2BFE113A2FA79B880038EAA9 /* .swiftformat */ = {isa = PBXFileReference; lastKnownFileType = text; path = .swiftformat; sourceTree = "<group>"; };
/* End PBXFileReference section */

/* Begin PBXFileSystemSynchronizedBuildFileExceptionSet section */
		2BFE11372FA64D960038EAA9 /* Exceptions for "TrainMate" folder in "TrainMate" target */ = {
			isa = PBXFileSystemSynchronizedBuildFileExceptionSet;
			membershipExceptions = (
				Info.plist,
			);
			target = 2B64863B2F98AD4F0035CE44 /* TrainMate */;
		};
/* End PBXFileSystemSynchronizedBuildFileExceptionSet section */

/* Begin PBXFileSystemSynchronizedRootGroup section */
		2B64863E2F98AD4F0035CE44 /* TrainMate */ = {
			isa = PBXFileSystemSynchronizedRootGroup;
			exceptions = (
				2BFE11372FA64D960038EAA9 /* Exceptions for "TrainMate" folder in "TrainMate" target */,
			);
			path = TrainMate;
			sourceTree = "<group>";
		};
		2B6486502F98AD500035CE44 /* TrainMateTests */ = {
			isa = PBXFileSystemSynchronizedRootGroup;
			path = TrainMateTests;
			sourceTree = "<group>";
		};
		2B64865A2F98AD500035CE44 /* TrainMateUITests */ = {
			isa = PBXFileSystemSynchronizedRootGroup;
			path = TrainMateUITests;
			sourceTree = "<group>";
		};
/* End PBXFileSystemSynchronizedRootGroup section */

/* Begin PBXFrameworksBuildPhase section */
		2B6486392F98AD4F0035CE44 /* Frameworks */ = {
			isa = PBXFrameworksBuildPhase;
			buildActionMask = 2147483647;
			files = (
			);
			runOnlyForDeploymentPostprocessing = 0;
		};
		2B64864A2F98AD500035CE44 /* Frameworks */ = {
			isa = PBXFrameworksBuildPhase;
			buildActionMask = 2147483647;
			files = (
			);
			runOnlyForDeploymentPostprocessing = 0;
		};
		2B6486542F98AD500035CE44 /* Frameworks */ = {
			isa = PBXFrameworksBuildPhase;
			buildActionMask = 2147483647;
			files = (
			);
			runOnlyForDeploymentPostprocessing = 0;
		};
/* End PBXFrameworksBuildPhase section */

/* Begin PBXGroup section */
		2B6486332F98AD4F0035CE44 = {
			isa = PBXGroup;
			children = (
				2B64863E2F98AD4F0035CE44 /* TrainMate */,
				2B6486502F98AD500035CE44 /* TrainMateTests */,
				2B64865A2F98AD500035CE44 /* TrainMateUITests */,
				2B64863D2F98AD4F0035CE44 /* Products */,
				2BFE11262FA626250038EAA9 /* Makefile */,
				2BFE113A2FA79B880038EAA9 /* .swiftformat */,
				2BFE11042FA6225D0038EAA9 /* .swiftlint.yml */,
				2BFE11342FA649540038EAA9 /* README.md */,
			);
			sourceTree = "<group>";
		};
		2B64863D2F98AD4F0035CE44 /* Products */ = {
			isa = PBXGroup;
			children = (
				2B64863C2F98AD4F0035CE44 /* TrainMate.app */,
				2B64864D2F98AD500035CE44 /* TrainMateTests.xctest */,
				2B6486572F98AD500035CE44 /* TrainMateUITests.xctest */,
			);
			name = Products;
			sourceTree = "<group>";
		};
/* End PBXGroup section */

/* Begin PBXNativeTarget section */
		2B64863B2F98AD4F0035CE44 /* TrainMate */ = {
			isa = PBXNativeTarget;
			buildConfigurationList = 2B6486602F98AD500035CE44 /* Build configuration list for PBXNativeTarget "TrainMate" */;
			buildPhases = (
				2B6486382F98AD4F0035CE44 /* Sources */,
				2B6486392F98AD4F0035CE44 /* Frameworks */,
				2B64863A2F98AD4F0035CE44 /* Resources */,
			);
			buildRules = (
			);
			dependencies = (
				2BFE11252FA625F50038EAA9 /* PBXTargetDependency */,
			);
			fileSystemSynchronizedGroups = (
				2B64863E2F98AD4F0035CE44 /* TrainMate */,
			);
			name = TrainMate;
			packageProductDependencies = (
			);
			productName = TrainMate;
			productReference = 2B64863C2F98AD4F0035CE44 /* TrainMate.app */;
			productType = "com.apple.product-type.application";
		};
		2B64864C2F98AD500035CE44 /* TrainMateTests */ = {
			isa = PBXNativeTarget;
			buildConfigurationList = 2B6486652F98AD500035CE44 /* Build configuration list for PBXNativeTarget "TrainMateTests" */;
			buildPhases = (
				2B6486492F98AD500035CE44 /* Sources */,
				2B64864A2F98AD500035CE44 /* Frameworks */,
				2B64864B2F98AD500035CE44 /* Resources */,
			);
			buildRules = (
			);
			dependencies = (
				2B64864F2F98AD500035CE44 /* PBXTargetDependency */,
			);
			fileSystemSynchronizedGroups = (
				2B6486502F98AD500035CE44 /* TrainMateTests */,
			);
			name = TrainMateTests;
			packageProductDependencies = (
			);
			productName = TrainMateTests;
			productReference = 2B64864D2F98AD500035CE44 /* TrainMateTests.xctest */;
			productType = "com.apple.product-type.bundle.unit-test";
		};
		2B6486562F98AD500035CE44 /* TrainMateUITests */ = {
			isa = PBXNativeTarget;
			buildConfigurationList = 2B6486682F98AD500035CE44 /* Build configuration list for PBXNativeTarget "TrainMateUITests" */;
			buildPhases = (
				2B6486532F98AD500035CE44 /* Sources */,
				2B6486542F98AD500035CE44 /* Frameworks */,
				2B6486552F98AD500035CE44 /* Resources */,
			);
			buildRules = (
			);
			dependencies = (
				2B6486592F98AD500035CE44 /* PBXTargetDependency */,
			);
			fileSystemSynchronizedGroups = (
				2B64865A2F98AD500035CE44 /* TrainMateUITests */,
			);
			name = TrainMateUITests;
			packageProductDependencies = (
			);
			productName = TrainMateUITests;
			productReference = 2B6486572F98AD500035CE44 /* TrainMateUITests.xctest */;
			productType = "com.apple.product-type.bundle.ui-testing";
		};
/* End PBXNativeTarget section */

/* Begin PBXProject section */
		2B6486342F98AD4F0035CE44 /* Project object */ = {
			isa = PBXProject;
			attributes = {
				BuildIndependentTargetsInParallel = 1;
				LastSwiftUpdateCheck = 2640;
				LastUpgradeCheck = 2640;
				TargetAttributes = {
					2B64863B2F98AD4F0035CE44 = {
						CreatedOnToolsVersion = 26.4.1;
					};
					2B64864C2F98AD500035CE44 = {
						CreatedOnToolsVersion = 26.4.1;
						TestTargetID = 2B64863B2F98AD4F0035CE44;
					};
					2B6486562F98AD500035CE44 = {
						CreatedOnToolsVersion = 26.4.1;
						TestTargetID = 2B64863B2F98AD4F0035CE44;
					};
				};
			};
			buildConfigurationList = 2B6486372F98AD4F0035CE44 /* Build configuration list for PBXProject "TrainMate" */;
			developmentRegion = en;
			hasScannedForEncodings = 0;
			knownRegions = (
				en,
				Base,
				pl,
				de,
				fr,
			);
			mainGroup = 2B6486332F98AD4F0035CE44;
			minimizedProjectReferenceProxies = 1;
			packageReferences = (
				2B86F72F2FA61AE000BE3980 /* XCRemoteSwiftPackageReference "SwiftLintPlugins" */,
				2BFE11282FA643490038EAA9 /* XCRemoteSwiftPackageReference "SwiftFormat" */,
			);
			preferredProjectObjectVersion = 77;
			productRefGroup = 2B64863D2F98AD4F0035CE44 /* Products */;
			projectDirPath = "";
			projectRoot = "";
			targets = (
				2B64863B2F98AD4F0035CE44 /* TrainMate */,
				2B64864C2F98AD500035CE44 /* TrainMateTests */,
				2B6486562F98AD500035CE44 /* TrainMateUITests */,
			);
		};
/* End PBXProject section */

/* Begin PBXResourcesBuildPhase section */
		2B64863A2F98AD4F0035CE44 /* Resources */ = {
			isa = PBXResourcesBuildPhase;
			buildActionMask = 2147483647;
			files = (
				2BFE113B2FA79B880038EAA9 /* .swiftformat in Resources */,
			);
			runOnlyForDeploymentPostprocessing = 0;
		};
		2B64864B2F98AD500035CE44 /* Resources */ = {
			isa = PBXResourcesBuildPhase;
			buildActionMask = 2147483647;
			files = (
			);
			runOnlyForDeploymentPostprocessing = 0;
		};
		2B6486552F98AD500035CE44 /* Resources */ = {
			isa = PBXResourcesBuildPhase;
			buildActionMask = 2147483647;
			files = (
			);
			runOnlyForDeploymentPostprocessing = 0;
		};
/* End PBXResourcesBuildPhase section */

/* Begin PBXSourcesBuildPhase section */
		2B6486382F98AD4F0035CE44 /* Sources */ = {
			isa = PBXSourcesBuildPhase;
			buildActionMask = 2147483647;
			files = (
			);
			runOnlyForDeploymentPostprocessing = 0;
		};
		2B6486492F98AD500035CE44 /* Sources */ = {
			isa = PBXSourcesBuildPhase;
			buildActionMask = 2147483647;
			files = (
			);
			runOnlyForDeploymentPostprocessing = 0;
		};
		2B6486532F98AD500035CE44 /* Sources */ = {
			isa = PBXSourcesBuildPhase;
			buildActionMask = 2147483647;
			files = (
			);
			runOnlyForDeploymentPostprocessing = 0;
		};
/* End PBXSourcesBuildPhase section */

/* Begin PBXTargetDependency section */
		2B64864F2F98AD500035CE44 /* PBXTargetDependency */ = {
			isa = PBXTargetDependency;
			target = 2B64863B2F98AD4F0035CE44 /* TrainMate */;
			targetProxy = 2B64864E2F98AD500035CE44 /* PBXContainerItemProxy */;
		};
		2B6486592F98AD500035CE44 /* PBXTargetDependency */ = {
			isa = PBXTargetDependency;
			target = 2B64863B2F98AD4F0035CE44 /* TrainMate */;
			targetProxy = 2B6486582F98AD500035CE44 /* PBXContainerItemProxy */;
		};
		2BFE11252FA625F50038EAA9 /* PBXTargetDependency */ = {
			isa = PBXTargetDependency;
			productRef = 2BFE11242FA625F50038EAA9 /* SwiftLintBuildToolPlugin */;
		};
/* End PBXTargetDependency section */

/* Begin XCBuildConfiguration section */
		2B6486612F98AD500035CE44 /* Debug */ = {
			isa = XCBuildConfiguration;
			buildSettings = {
				ASSETCATALOG_COMPILER_APPICON_NAME = AppIcon;
				ASSETCATALOG_COMPILER_GLOBAL_ACCENT_COLOR_NAME = AccentColor;
				CODE_SIGN_ENTITLEMENTS = TrainMate/TrainMate.entitlements;
				CODE_SIGN_STYLE = Automatic;
				CURRENT_PROJECT_VERSION = 1;
				DEVELOPMENT_TEAM = FAN5P3G6QB;
				ENABLE_PREVIEWS = YES;
				GENERATE_INFOPLIST_FILE = YES;
				INFOPLIST_FILE = TrainMate/Info.plist;
				INFOPLIST_KEY_NSHealthClinicalHealthRecordsShareUsageDescription = Default;
				INFOPLIST_KEY_NSHealthShareUsageDescription = "TrainMate needs access to your weight, height, and age to accurately calculate your heart rate zones and calorie burn.";
				INFOPLIST_KEY_NSHealthUpdateUsageDescription = "TrainMate will save your completed workouts and active energy burned to Apple Health.";
				INFOPLIST_KEY_UIApplicationSceneManifest_Generation = YES;
				INFOPLIST_KEY_UIApplicationSupportsIndirectInputEvents = YES;
				INFOPLIST_KEY_UISupportedInterfaceOrientations_iPad = "UIInterfaceOrientationPortrait UIInterfaceOrientationPortraitUpsideDown UIInterfaceOrientationLandscapeLeft UIInterfaceOrientationLandscapeRight";
				INFOPLIST_KEY_UISupportedInterfaceOrientations_iPhone = "UIInterfaceOrientationPortrait UIInterfaceOrientationLandscapeLeft UIInterfaceOrientationLandscapeRight";
				LD_RUNPATH_SEARCH_PATHS = (
					"$(inherited)",
					"@executable_path/Frameworks",
				);
				MARKETING_VERSION = 1.0;
				PRODUCT_BUNDLE_IDENTIFIER = com.helloworld.dev.TrainMate;
				PRODUCT_NAME = "$(TARGET_NAME)";
				STRING_CATALOG_GENERATE_SYMBOLS = YES;
				SWIFT_APPROACHABLE_CONCURRENCY = YES;
				SWIFT_DEFAULT_ACTOR_ISOLATION = MainActor;
				SWIFT_EMIT_LOC_STRINGS = YES;
				SWIFT_UPCOMING_FEATURE_MEMBER_IMPORT_VISIBILITY = YES;
				SWIFT_VERSION = 5.0;
				TARGETED_DEVICE_FAMILY = "1,2";
			};
			name = Debug;
		};
		2B6486622F98AD500035CE44 /* Release */ = {
			isa = XCBuildConfiguration;
			buildSettings = {
				ASSETCATALOG_COMPILER_APPICON_NAME = AppIcon;
				ASSETCATALOG_COMPILER_GLOBAL_ACCENT_COLOR_NAME = AccentColor;
				CODE_SIGN_ENTITLEMENTS = TrainMate/TrainMate.entitlements;
				CODE_SIGN_STYLE = Automatic;
				CURRENT_PROJECT_VERSION = 1;
				DEVELOPMENT_TEAM = FAN5P3G6QB;
				ENABLE_PREVIEWS = YES;
				GENERATE_INFOPLIST_FILE = YES;
				INFOPLIST_FILE = TrainMate/Info.plist;
				INFOPLIST_KEY_NSHealthClinicalHealthRecordsShareUsageDescription = Default;
				INFOPLIST_KEY_NSHealthShareUsageDescription = "TrainMate needs access to your weight, height, and age to accurately calculate your heart rate zones and calorie burn.";
				INFOPLIST_KEY_NSHealthUpdateUsageDescription = "TrainMate will save your completed workouts and active energy burned to Apple Health.";
				INFOPLIST_KEY_UIApplicationSceneManifest_Generation = YES;
				INFOPLIST_KEY_UIApplicationSupportsIndirectInputEvents = YES;
				INFOPLIST_KEY_UISupportedInterfaceOrientations_iPad = "UIInterfaceOrientationPortrait UIInterfaceOrientationPortraitUpsideDown UIInterfaceOrientationLandscapeLeft UIInterfaceOrientationLandscapeRight";
				INFOPLIST_KEY_UISupportedInterfaceOrientations_iPhone = "UIInterfaceOrientationPortrait UIInterfaceOrientationLandscapeLeft UIInterfaceOrientationLandscapeRight";
				LD_RUNPATH_SEARCH_PATHS = (
					"$(inherited)",
					"@executable_path/Frameworks",
				);
				MARKETING_VERSION = 1.0;
				PRODUCT_BUNDLE_IDENTIFIER = com.helloworld.dev.TrainMate;
				PRODUCT_NAME = "$(TARGET_NAME)";
				STRING_CATALOG_GENERATE_SYMBOLS = YES;
				SWIFT_APPROACHABLE_CONCURRENCY = YES;
				SWIFT_DEFAULT_ACTOR_ISOLATION = MainActor;
				SWIFT_EMIT_LOC_STRINGS = YES;
				SWIFT_UPCOMING_FEATURE_MEMBER_IMPORT_VISIBILITY = YES;
				SWIFT_VERSION = 5.0;
				TARGETED_DEVICE_FAMILY = "1,2";
			};
			name = Release;
		};
		2B6486632F98AD500035CE44 /* Debug */ = {
			isa = XCBuildConfiguration;
			buildSettings = {
				ALWAYS_SEARCH_USER_PATHS = NO;
				ASSETCATALOG_COMPILER_GENERATE_SWIFT_ASSET_SYMBOL_EXTENSIONS = YES;
				CLANG_ANALYZER_NONNULL = YES;
				CLANG_ANALYZER_NUMBER_OBJECT_CONVERSION = YES_AGGRESSIVE;
				CLANG_CXX_LANGUAGE_STANDARD = "gnu++20";
				CLANG_ENABLE_MODULES = YES;
				CLANG_ENABLE_OBJC_ARC = YES;
				CLANG_ENABLE_OBJC_WEAK = YES;
				CLANG_WARN_BLOCK_CAPTURE_AUTORELEASING = YES;
				CLANG_WARN_BOOL_CONVERSION = YES;
				CLANG_WARN_COMMA = YES;
				CLANG_WARN_CONSTANT_CONVERSION = YES;
				CLANG_WARN_DEPRECATED_OBJC_IMPLEMENTATIONS = YES;
				CLANG_WARN_DIRECT_OBJC_ISA_USAGE = YES_ERROR;
				CLANG_WARN_DOCUMENTATION_COMMENTS = YES;
				CLANG_WARN_EMPTY_BODY = YES;
				CLANG_WARN_ENUM_CONVERSION = YES;
				CLANG_WARN_INFINITE_RECURSION = YES;
				CLANG_WARN_INT_CONVERSION = YES;
				CLANG_WARN_NON_LITERAL_NULL_CONVERSION = YES;
				CLANG_WARN_OBJC_IMPLICIT_RETAIN_SELF = YES;
				CLANG_WARN_OBJC_LITERAL_CONVERSION = YES;
				CLANG_WARN_OBJC_ROOT_CLASS = YES_ERROR;
				CLANG_WARN_QUOTED_INCLUDE_IN_FRAMEWORK_HEADER = YES;
				CLANG_WARN_RANGE_LOOP_ANALYSIS = YES;
				CLANG_WARN_STRICT_PROTOTYPES = YES;
				CLANG_WARN_SUSPICIOUS_MOVE = YES;
				CLANG_WARN_UNGUARDED_AVAILABILITY = YES_AGGRESSIVE;
				CLANG_WARN_UNREACHABLE_CODE = YES;
				CLANG_WARN__DUPLICATE_METHOD_MATCH = YES;
				COPY_PHASE_STRIP = NO;
				DEBUG_INFORMATION_FORMAT = dwarf;
				DEVELOPMENT_TEAM = ZXRH85CXC5;
				ENABLE_STRICT_OBJC_MSGSEND = YES;
				ENABLE_TESTABILITY = YES;
				ENABLE_USER_SCRIPT_SANDBOXING = YES;
				GCC_C_LANGUAGE_STANDARD = gnu17;
				GCC_DYNAMIC_NO_PIC = NO;
				GCC_NO_COMMON_BLOCKS = YES;
				GCC_OPTIMIZATION_LEVEL = 0;
				GCC_PREPROCESSOR_DEFINITIONS = (
					"DEBUG=1",
					"$(inherited)",
				);
				GCC_WARN_64_TO_32_BIT_CONVERSION = YES;
				GCC_WARN_ABOUT_RETURN_TYPE = YES_ERROR;
				GCC_WARN_UNDECLARED_SELECTOR = YES;
				GCC_WARN_UNINITIALIZED_AUTOS = YES_AGGRESSIVE;
				GCC_WARN_UNUSED_FUNCTION = YES;
				GCC_WARN_UNUSED_VARIABLE = YES;
				IPHONEOS_DEPLOYMENT_TARGET = 26.4;
				LOCALIZATION_PREFERS_STRING_CATALOGS = YES;
				MTL_ENABLE_DEBUG_INFO = INCLUDE_SOURCE;
				MTL_FAST_MATH = YES;
				ONLY_ACTIVE_ARCH = YES;
				SDKROOT = iphoneos;
				SWIFT_ACTIVE_COMPILATION_CONDITIONS = "DEBUG $(inherited)";
				SWIFT_EMIT_LOC_STRINGS = YES;
				SWIFT_OPTIMIZATION_LEVEL = "-Onone";
				SWIFT_STRICT_CONCURRENCY = complete;
			};
			name = Debug;
		};
		2B6486642F98AD500035CE44 /* Release */ = {
			isa = XCBuildConfiguration;
			buildSettings = {
				ALWAYS_SEARCH_USER_PATHS = NO;
				ASSETCATALOG_COMPILER_GENERATE_SWIFT_ASSET_SYMBOL_EXTENSIONS = YES;
				CLANG_ANALYZER_NONNULL = YES;
				CLANG_ANALYZER_NUMBER_OBJECT_CONVERSION = YES_AGGRESSIVE;
				CLANG_CXX_LANGUAGE_STANDARD = "gnu++20";
				CLANG_ENABLE_MODULES = YES;
				CLANG_ENABLE_OBJC_ARC = YES;
				CLANG_ENABLE_OBJC_WEAK = YES;
				CLANG_WARN_BLOCK_CAPTURE_AUTORELEASING = YES;
				CLANG_WARN_BOOL_CONVERSION = YES;
				CLANG_WARN_COMMA = YES;
				CLANG_WARN_CONSTANT_CONVERSION = YES;
				CLANG_WARN_DEPRECATED_OBJC_IMPLEMENTATIONS = YES;
				CLANG_WARN_DIRECT_OBJC_ISA_USAGE = YES_ERROR;
				CLANG_WARN_DOCUMENTATION_COMMENTS = YES;
				CLANG_WARN_EMPTY_BODY = YES;
				CLANG_WARN_ENUM_CONVERSION = YES;
				CLANG_WARN_INFINITE_RECURSION = YES;
				CLANG_WARN_INT_CONVERSION = YES;
				CLANG_WARN_NON_LITERAL_NULL_CONVERSION = YES;
				CLANG_WARN_OBJC_IMPLICIT_RETAIN_SELF = YES;
				CLANG_WARN_OBJC_LITERAL_CONVERSION = YES;
				CLANG_WARN_OBJC_ROOT_CLASS = YES_ERROR;
				CLANG_WARN_QUOTED_INCLUDE_IN_FRAMEWORK_HEADER = YES;
				CLANG_WARN_RANGE_LOOP_ANALYSIS = YES;
				CLANG_WARN_STRICT_PROTOTYPES = YES;
				CLANG_WARN_SUSPICIOUS_MOVE = YES;
				CLANG_WARN_UNGUARDED_AVAILABILITY = YES_AGGRESSIVE;
				CLANG_WARN_UNREACHABLE_CODE = YES;
				CLANG_WARN__DUPLICATE_METHOD_MATCH = YES;
				COPY_PHASE_STRIP = NO;
				DEBUG_INFORMATION_FORMAT = "dwarf-with-dsym";
				DEVELOPMENT_TEAM = ZXRH85CXC5;
				ENABLE_NS_ASSERTIONS = NO;
				ENABLE_STRICT_OBJC_MSGSEND = YES;
				ENABLE_USER_SCRIPT_SANDBOXING = YES;
				GCC_C_LANGUAGE_STANDARD = gnu17;
				GCC_NO_COMMON_BLOCKS = YES;
				GCC_WARN_64_TO_32_BIT_CONVERSION = YES;
				GCC_WARN_ABOUT_RETURN_TYPE = YES_ERROR;
				GCC_WARN_UNDECLARED_SELECTOR = YES;
				GCC_WARN_UNINITIALIZED_AUTOS = YES_AGGRESSIVE;
				GCC_WARN_UNUSED_FUNCTION = YES;
				GCC_WARN_UNUSED_VARIABLE = YES;
				IPHONEOS_DEPLOYMENT_TARGET = 26.4;
				LOCALIZATION_PREFERS_STRING_CATALOGS = YES;
				MTL_ENABLE_DEBUG_INFO = NO;
				MTL_FAST_MATH = YES;
				SDKROOT = iphoneos;
				SWIFT_COMPILATION_MODE = wholemodule;
				SWIFT_EMIT_LOC_STRINGS = YES;
				SWIFT_STRICT_CONCURRENCY = complete;
				VALIDATE_PRODUCT = YES;
			};
			name = Release;
		};
		2B6486662F98AD500035CE44 /* Debug */ = {
			isa = XCBuildConfiguration;
			buildSettings = {
				BUNDLE_LOADER = "$(TEST_HOST)";
				CODE_SIGN_STYLE = Automatic;
				CURRENT_PROJECT_VERSION = 1;
				DEVELOPMENT_TEAM = ZXRH85CXC5;
				GENERATE_INFOPLIST_FILE = YES;
				IPHONEOS_DEPLOYMENT_TARGET = 26.4;
				MARKETING_VERSION = 1.0;
				PRODUCT_BUNDLE_IDENTIFIER = com.helloworld.dev.TrainMateTests;
				PRODUCT_NAME = "$(TARGET_NAME)";
				STRING_CATALOG_GENERATE_SYMBOLS = NO;
				SWIFT_APPROACHABLE_CONCURRENCY = YES;
				SWIFT_EMIT_LOC_STRINGS = NO;
				SWIFT_UPCOMING_FEATURE_MEMBER_IMPORT_VISIBILITY = YES;
				SWIFT_VERSION = 5.0;
				TARGETED_DEVICE_FAMILY = "1,2";
				TEST_HOST = "$(BUILT_PRODUCTS_DIR)/TrainMate.app/$(BUNDLE_EXECUTABLE_FOLDER_PATH)/TrainMate";
			};
			name = Debug;
		};
		2B6486672F98AD500035CE44 /* Release */ = {
			isa = XCBuildConfiguration;
			buildSettings = {
				BUNDLE_LOADER = "$(TEST_HOST)";
				CODE_SIGN_STYLE = Automatic;
				CURRENT_PROJECT_VERSION = 1;
				DEVELOPMENT_TEAM = ZXRH85CXC5;
				GENERATE_INFOPLIST_FILE = YES;
				IPHONEOS_DEPLOYMENT_TARGET = 26.4;
				MARKETING_VERSION = 1.0;
				PRODUCT_BUNDLE_IDENTIFIER = com.helloworld.dev.TrainMateTests;
				PRODUCT_NAME = "$(TARGET_NAME)";
				STRING_CATALOG_GENERATE_SYMBOLS = NO;
				SWIFT_APPROACHABLE_CONCURRENCY = YES;
				SWIFT_EMIT_LOC_STRINGS = NO;
				SWIFT_UPCOMING_FEATURE_MEMBER_IMPORT_VISIBILITY = YES;
				SWIFT_VERSION = 5.0;
				TARGETED_DEVICE_FAMILY = "1,2";
				TEST_HOST = "$(BUILT_PRODUCTS_DIR)/TrainMate.app/$(BUNDLE_EXECUTABLE_FOLDER_PATH)/TrainMate";
			};
			name = Release;
		};
		2B6486692F98AD500035CE44 /* Debug */ = {
			isa = XCBuildConfiguration;
			buildSettings = {
				CODE_SIGN_STYLE = Automatic;
				CURRENT_PROJECT_VERSION = 1;
				DEVELOPMENT_TEAM = ZXRH85CXC5;
				GENERATE_INFOPLIST_FILE = YES;
				MARKETING_VERSION = 1.0;
				PRODUCT_BUNDLE_IDENTIFIER = com.helloworld.dev.TrainMateUITests;
				PRODUCT_NAME = "$(TARGET_NAME)";
				STRING_CATALOG_GENERATE_SYMBOLS = NO;
				SWIFT_APPROACHABLE_CONCURRENCY = YES;
				SWIFT_EMIT_LOC_STRINGS = NO;
				SWIFT_UPCOMING_FEATURE_MEMBER_IMPORT_VISIBILITY = YES;
				SWIFT_VERSION = 5.0;
				TARGETED_DEVICE_FAMILY = "1,2";
				TEST_TARGET_NAME = TrainMate;
			};
			name = Debug;
		};
		2B64866A2F98AD500035CE44 /* Release */ = {
			isa = XCBuildConfiguration;
			buildSettings = {
				CODE_SIGN_STYLE = Automatic;
				CURRENT_PROJECT_VERSION = 1;
				DEVELOPMENT_TEAM = ZXRH85CXC5;
				GENERATE_INFOPLIST_FILE = YES;
				MARKETING_VERSION = 1.0;
				PRODUCT_BUNDLE_IDENTIFIER = com.helloworld.dev.TrainMateUITests;
				PRODUCT_NAME = "$(TARGET_NAME)";
				STRING_CATALOG_GENERATE_SYMBOLS = NO;
				SWIFT_APPROACHABLE_CONCURRENCY = YES;
				SWIFT_EMIT_LOC_STRINGS = NO;
				SWIFT_UPCOMING_FEATURE_MEMBER_IMPORT_VISIBILITY = YES;
				SWIFT_VERSION = 5.0;
				TARGETED_DEVICE_FAMILY = "1,2";
				TEST_TARGET_NAME = TrainMate;
			};
			name = Release;
		};
/* End XCBuildConfiguration section */

/* Begin XCConfigurationList section */
		2B6486372F98AD4F0035CE44 /* Build configuration list for PBXProject "TrainMate" */ = {
			isa = XCConfigurationList;
			buildConfigurations = (
				2B6486632F98AD500035CE44 /* Debug */,
				2B6486642F98AD500035CE44 /* Release */,
			);
			defaultConfigurationIsVisible = 0;
			defaultConfigurationName = Release;
		};
		2B6486602F98AD500035CE44 /* Build configuration list for PBXNativeTarget "TrainMate" */ = {
			isa = XCConfigurationList;
			buildConfigurations = (
				2B6486612F98AD500035CE44 /* Debug */,
				2B6486622F98AD500035CE44 /* Release */,
			);
			defaultConfigurationIsVisible = 0;
			defaultConfigurationName = Release;
		};
		2B6486652F98AD500035CE44 /* Build configuration list for PBXNativeTarget "TrainMateTests" */ = {
			isa = XCConfigurationList;
			buildConfigurations = (
				2B6486662F98AD500035CE44 /* Debug */,
				2B6486672F98AD500035CE44 /* Release */,
			);
			defaultConfigurationIsVisible = 0;
			defaultConfigurationName = Release;
		};
		2B6486682F98AD500035CE44 /* Build configuration list for PBXNativeTarget "TrainMateUITests" */ = {
			isa = XCConfigurationList;
			buildConfigurations = (
				2B6486692F98AD500035CE44 /* Debug */,
				2B64866A2F98AD500035CE44 /* Release */,
			);
			defaultConfigurationIsVisible = 0;
			defaultConfigurationName = Release;
		};
/* End XCConfigurationList section */

/* Begin XCRemoteSwiftPackageReference section */
		2B86F72F2FA61AE000BE3980 /* XCRemoteSwiftPackageReference "SwiftLintPlugins" */ = {
			isa = XCRemoteSwiftPackageReference;
			repositoryURL = "https://github.com/SimplyDanny/SwiftLintPlugins";
			requirement = {
				kind = upToNextMajorVersion;
				minimumVersion = 0.63.2;
			};
		};
		2BFE11282FA643490038EAA9 /* XCRemoteSwiftPackageReference "SwiftFormat" */ = {
			isa = XCRemoteSwiftPackageReference;
			repositoryURL = "https://github.com/nicklockwood/SwiftFormat";
			requirement = {
				kind = upToNextMajorVersion;
				minimumVersion = 0.61.1;
			};
		};
/* End XCRemoteSwiftPackageReference section */

/* Begin XCSwiftPackageProductDependency section */
		2BFE11242FA625F50038EAA9 /* SwiftLintBuildToolPlugin */ = {
			isa = XCSwiftPackageProductDependency;
			package = 2B86F72F2FA61AE000BE3980 /* XCRemoteSwiftPackageReference "SwiftLintPlugins" */;
			productName = "plugin:SwiftLintBuildToolPlugin";
		};
/* End XCSwiftPackageProductDependency section */
	};
	rootObject = 2B6486342F98AD4F0035CE44 /* Project object */;
}
